// !$*UTF8*$!
{
	archiveVersion = 1;
	classes = {
	};
	objectVersion = 46;
	objects = {

/* Begin PBXBuildFile section */
		B6E02DC316363B0B00BE0B3A /* UIKit.framework in Frameworks */ = {isa = PBXBuildFile; fileRef = B6E02DC216363B0B00BE0B3A /* UIKit.framework */; };
		B6E02DC516363B0B00BE0B3A /* Foundation.framework in Frameworks */ = {isa = PBXBuildFile; fileRef = B6E02DC416363B0B00BE0B3A /* Foundation.framework */; };
		B6E02DC716363B0B00BE0B3A /* CoreGraphics.framework in Frameworks */ = {isa = PBXBuildFile; fileRef = B6E02DC616363B0B00BE0B3A /* CoreGraphics.framework */; };
		B6E02DCD16363B0B00BE0B3A /* InfoPlist.strings in Resources */ = {isa = PBXBuildFile; fileRef = B6E02DCB16363B0B00BE0B3A /* InfoPlist.strings */; };
		B6E02DCF16363B0B00BE0B3A /* main.m in Sources */ = {isa = PBXBuildFile; fileRef = B6E02DCE16363B0B00BE0B3A /* main.m */; };
		B6E02DD316363B0B00BE0B3A /* AppDelegate.m in Sources */ = {isa = PBXBuildFile; fileRef = B6E02DD216363B0B00BE0B3A /* AppDelegate.m */; };
		B6E02DD616363B0B00BE0B3A /* ViewController.m in Sources */ = {isa = PBXBuildFile; fileRef = B6E02DD516363B0B00BE0B3A /* ViewController.m */; };
		B6E02DD916363B0B00BE0B3A /* ViewController.xib in Resources */ = {isa = PBXBuildFile; fileRef = B6E02DD716363B0B00BE0B3A /* ViewController.xib */; };
/* End PBXBuildFile section */

/* Begin PBXFileReference section */
		B6E02DBE16363B0B00BE0B3A /* Graph.app */ = {isa = PBXFileReference; explicitFileType = wrapper.application; includeInIndex = 0; path = Graph.app; sourceTree = BUILT_PRODUCTS_DIR; };
		B6E02DC216363B0B00BE0B3A /* UIKit.framework */ = {isa = PBXFileReference; lastKnownFileType = wrapper.framework; name = UIKit.framework; path = System/Library/Frameworks/UIKit.framework; sourceTree = SDKROOT; };
		B6E02DC416363B0B00BE0B3A /* Foundation.framework */ = {isa = PBXFileReference; lastKnownFileType = wrapper.framework; name = Foundation.framework; path = System/Library/Frameworks/Foundation.framework; sourceTree = SDKROOT; };
		B6E02DC616363B0B00BE0B3A /* CoreGraphics.framework */ = {isa = PBXFileReference; lastKnownFileType = wrapper.framework; name = CoreGraphics.framework; path = System/Library/Frameworks/CoreGraphics.framework; sourceTree = SDKROOT; };
		B6E02DCA16363B0B00BE0B3A /* Graph-Info.plist */ = {isa = PBXFileReference; path = "Graph-Info.plist"; sourceTree = "<group>"; };
		B6E02DCC16363B0B00BE0B3A /* en */ = {isa = PBXFileReference; lastKnownFileType = text.plist.strings; name = en; path = en.lproj/InfoPlist.strings; sourceTree = "<group>"; };
		B6E02DCE16363B0B00BE0B3A /* main.m */ = {isa = PBXFileReference; lastKnownFileType = sourcecode.c.objc; path = main.m; sourceTree = "<group>"; };
		B6E02DD016363B0B00BE0B3A /* Graph-Prefix.pch */ = {isa = PBXFileReference; path = "Graph-Prefix.pch"; sourceTree = "<group>"; };
		B6E02DD116363B0B00BE0B3A /* AppDelegate.h */ = {isa = PBXFileReference; path = AppDelegate.h; sourceTree = "<group>"; };
		B6E02DD216363B0B00BE0B3A /* AppDelegate.m */ = {isa = PBXFileReference; lastKnownFileType = sourcecode.c.objc; path = AppDelegate.m; sourceTree = "<group>"; };
		B6E02DD416363B0B00BE0B3A /* ViewController.h */ = {isa = PBXFileReference; path = ViewController.h; sourceTree = "<group>"; };
		B6E02DD516363B0B00BE0B3A /* ViewController.m */ = {isa = PBXFileReference; lastKnownFileType = sourcecode.c.objc; path = ViewController.m; sourceTree = "<group>"; };
		B6E02DD816363B0B00BE0B3A /* en */ = {isa = PBXFileReference; lastKnownFileType = file.xib; name = en; path = en.lproj/ViewController.xib; sourceTree = "<group>"; };
/* End PBXFileReference section */

/* Begin PBXFrameworksBuildPhase section */
		B6E02DBB16363B0B00BE0B3A /* Frameworks */ = {
			isa = PBXFrameworksBuildPhase;
			buildActionMask = 2147483647;
			files = (
				B6E02DC316363B0B00BE0B3A /* UIKit.framework in Frameworks */,
				B6E02DC516363B0B00BE0B3A /* Foundation.framework in Frameworks */,
				B6E02DC716363B0B00BE0B3A /* CoreGraphics.framework in Frameworks */,
			);
			runOnlyForDeploymentPostprocessing = 0;
		};
/* End PBXFrameworksBuildPhase section */

/* Begin PBXGroup section */
		B6E02DB316363B0A00BE0B3A = {
			isa = PBXGroup;
			children = (
				B6E02DC816363B0B00BE0B3A /* Graph */,
				B6E02DC116363B0B00BE0B3A /* Frameworks */,
				B6E02DBF16363B0B00BE0B3A /* Products */,
			);
			sourceTree = "<group>";
		};
		B6E02DBF16363B0B00BE0B3A /* Products */ = {
			isa = PBXGroup;
			children = (
				B6E02DBE16363B0B00BE0B3A /* Graph.app */,
			);
			name = Products;
			sourceTree = "<group>";
		};
		B6E02DC116363B0B00BE0B3A /* Frameworks */ = {
			isa = PBXGroup;
			children = (
				B6E02DC216363B0B00BE0B3A /* UIKit.framework */,
				B6E02DC416363B0B00BE0B3A /* Foundation.framework */,
				B6E02DC616363B0B00BE0B3A /* CoreGraphics.framework */,
			);
			name = Frameworks;
			sourceTree = "<group>";
		};
		B6E02DC816363B0B00BE0B3A /* Graph */ = {
			isa = PBXGroup;
			children = (
				B6E02DD116363B0B00BE0B3A /* AppDelegate.h */,
				B6E02DD216363B0B00BE0B3A /* AppDelegate.m */,
				B6E02DD416363B0B00BE0B3A /* ViewController.h */,
				B6E02DD516363B0B00BE0B3A /* ViewController.m */,
				B6E02DD716363B0B00BE0B3A /* ViewController.xib */,
				B6E02DC916363B0B00BE0B3A /* Supporting Files */,
			);
			path = Graph;
			sourceTree = "<group>";
		};
		B6E02DC916363B0B00BE0B3A /* Supporting Files */ = {
			isa = PBXGroup;
			children = (
				B6E02DCA16363B0B00BE0B3A /* Graph-Info.plist */,
				B6E02DCB16363B0B00BE0B3A /* InfoPlist.strings */,
				B6E02DCE16363B0B00BE0B3A /* main.m */,
				B6E02DD016363B0B00BE0B3A /* Graph-Prefix.pch */,
			);
			name = "Supporting Files";
			sourceTree = "<group>";
		};
/* End PBXGroup section */

/* Begin PBXNativeTarget section */
		B6E02DBD16363B0B00BE0B3A /* Graph */ = {
			isa = PBXNativeTarget;
			buildConfigurationList = B6E02DDC16363B0B00BE0B3A /* Build configuration list for PBXNativeTarget "Graph" */;
			buildPhases = (
				B6E02DBA16363B0B00BE0B3A /* Sources */,
				B6E02DBB16363B0B00BE0B3A /* Frameworks */,
				B6E02DBC16363B0B00BE0B3A /* Resources */,
			);
			buildRules = (
			);
			dependencies = (
			);
			name = Graph;
			productName = Graph;
			productReference = B6E02DBE16363B0B00BE0B3A /* Graph.app */;
			productType = "com.apple.product-type.application";
		};
/* End PBXNativeTarget section */

/* Begin PBXProject section */
		B6E02DB516363B0A00BE0B3A /* Project object */ = {
			isa = PBXProject;
			attributes = {
				LastUpgradeCheck = 0430;
			};
			buildConfigurationList = B6E02DB816363B0A00BE0B3A /* Build configuration list for PBXProject "Graph" */;
			compatibilityVersion = "Xcode 3.2";
			developmentRegion = English;
			hasScannedForEncodings = 0;
			knownRegions = (
				en,
			);
			mainGroup = B6E02DB316363B0A00BE0B3A;
			productRefGroup = B6E02DBF16363B0B00BE0B3A /* Products */;
			projectDirPath = "";
			projectRoot = "";
			targets = (
				B6E02DBD16363B0B00BE0B3A /* Graph */,
			);
		};
/* End PBXProject section */

/* Begin PBXResourcesBuildPhase section */
		B6E02DBC16363B0B00BE0B3A /* Resources */ = {
			isa = PBXResourcesBuildPhase;
			buildActionMask = 2147483647;
			files = (
				B6E02DCD16363B0B00BE0B3A /* InfoPlist.strings in Resources */,
				B6E02DD916363B0B00BE0B3A /* ViewController.xib in Resources */,
			);
			runOnlyForDeploymentPostprocessing = 0;
		};
/* End PBXResourcesBuildPhase section */

/* Begin PBXSourcesBuildPhase section */
		B6E02DBA16363B0B00BE0B3A /* Sources */ = {
			isa = PBXSourcesBuildPhase;
			buildActionMask = 2147483647;
			files = (
				B6E02DCF16363B0B00BE0B3A /* main.m in Sources */,
				B6E02DD316363B0B00BE0B3A /* AppDelegate.m in Sources */,
				B6E02DD616363B0B00BE0B3A /* ViewController.m in Sources */,
			);
			runOnlyForDeploymentPostprocessing = 0;
		};
/* End PBXSourcesBuildPhase section */

/* Begin PBXVariantGroup section */
		B6E02DCB16363B0B00BE0B3A /* InfoPlist.strings */ = {
			isa = PBXVariantGroup;
			children = (
				B6E02DCC16363B0B00BE0B3A /* en */,
			);
			name = InfoPlist.strings;
			sourceTree = "<group>";
		};
		B6E02DD716363B0B00BE0B3A /* ViewController.xib */ = {
			isa = PBXVariantGroup;
			children = (
				B6E02DD816363B0B00BE0B3A /* en */,
			);
			name = ViewController.xib;
			sourceTree = "<group>";
		};
/* End PBXVariantGroup section */

/* Begin XCBuildConfiguration section */
		B6E02DDA16363B0B00BE0B3A /* Debug */ = {
			isa = XCBuildConfiguration;
			buildSettings = {
				ALWAYS_SEARCH_USER_PATHS = NO;
				ARCHS = "$(ARCHS_STANDARD_32_BIT)";
				"CODE_SIGN_IDENTITY[sdk=iphoneos*]" = "iPhone Developer";
				COPY_PHASE_STRIP = NO;
				GCC_C_LANGUAGE_STANDARD = gnu99;
				GCC_DYNAMIC_NO_PIC = NO;
				GCC_OPTIMIZATION_LEVEL = 0;
				GCC_PREPROCESSOR_DEFINITIONS = (
					"DEBUG=1",
					"$(inherited)",
				);
				GCC_SYMBOLS_PRIVATE_EXTERN = NO;
				GCC_VERSION = com.apple.compilers.llvm.clang.1_0;
				GCC_WARN_ABOUT_RETURN_TYPE = YES;
				GCC_WARN_UNINITIALIZED_AUTOS = YES;
				GCC_WARN_UNUSED_VARIABLE = YES;
				IPHONEOS_DEPLOYMENT_TARGET = 5.1;
				SDKROOT = iphoneos;
			};
			name = Debug;
		};
		B6E02DDB16363B0B00BE0B3A /* Release */ = {
			isa = XCBuildConfiguration;
			buildSettings = {
				ALWAYS_SEARCH_USER_PATHS = NO;
				ARCHS = "$(ARCHS_STANDARD_32_BIT)";
				"CODE_SIGN_IDENTITY[sdk=iphoneos*]" = "iPhone Developer";
				COPY_PHASE_STRIP = YES;
				GCC_C_LANGUAGE_STANDARD = gnu99;
				GCC_VERSION = com.apple.compilers.llvm.clang.1_0;
				GCC_WARN_ABOUT_RETURN_TYPE = YES;
				GCC_WARN_UNINITIALIZED_AUTOS = YES;
				GCC_WARN_UNUSED_VARIABLE = YES;
				IPHONEOS_DEPLOYMENT_TARGET = 5.1;
				OTHER_CFLAGS = "-DNS_BLOCK_ASSERTIONS=1";
				SDKROOT = iphoneos;
				VALIDATE_PRODUCT = YES;
			};
			name = Release;
		};
		B6E02DDD16363B0B00BE0B3A /* Debug */ = {
			isa = XCBuildConfiguration;
			buildSettings = {
				GCC_PRECOMPILE_PREFIX_HEADER = YES;
				GCC_PREFIX_HEADER = "Graph/Graph-Prefix.pch";
				INFOPLIST_FILE = "Graph/Graph-Info.plist";
				PRODUCT_NAME = "$(TARGET_NAME)";
				WRAPPER_EXTENSION = app;
			};
			name = Debug;
		};
		B6E02DDE16363B0B00BE0B3A /* Release */ = {
			isa = XCBuildConfiguration;
			buildSettings = {
				GCC_PRECOMPILE_PREFIX_HEADER = YES;
				GCC_PREFIX_HEADER = "Graph/Graph-Prefix.pch";
				INFOPLIST_FILE = "Graph/Graph-Info.plist";
				PRODUCT_NAME = "$(TARGET_NAME)";
				WRAPPER_EXTENSION = app;
			};
			name = Release;
		};
/* End XCBuildConfiguration section */

/* Begin XCConfigurationList section */
		B6E02DB816363B0A00BE0B3A /* Build configuration list for PBXProject "Graph" */ = {
			isa = XCConfigurationList;
			buildConfigurations = (
				B6E02DDA16363B0B00BE0B3A /* Debug */,
				B6E02DDB16363B0B00BE0B3A /* Release */,
			);
			defaultConfigurationIsVisible = 0;
			defaultConfigurationName = Release;
		};
		B6E02DDC16363B0B00BE0B3A /* Build configuration list for PBXNativeTarget "Graph" */ = {
			isa = XCConfigurationList;
			buildConfigurations = (
				B6E02DDD16363B0B00BE0B3A /* Debug */,
				B6E02DDE16363B0B00BE0B3A /* Release */,
			);
			defaultConfigurationIsVisible = 0;
		};
/* End XCConfigurationList section */
	};
	rootObject = B6E02DB516363B0A00BE0B3A /* Project object */;
}
